// !$*UTF8*$!
{
	archiveVersion = 1;
	classes = {
	};
	objectVersion = 50;
	objects = {

/* Begin PBXBuildFile section */
		FC0CBED6240F33140050E720 /* Main.storyboard in Resources */ = {isa = PBXBuildFile; fileRef = FC0CBED5240F33140050E720 /* Main.storyboard */; };
		FC3332442410115300922760 /* NewsPreviewViewController.swift in Sources */ = {isa = PBXBuildFile; fileRef = FC3332432410115300922760 /* NewsPreviewViewController.swift */; };
		FC6ADA9F240D9BFE003C614C /* AppDelegate.swift in Sources */ = {isa = PBXBuildFile; fileRef = FC6ADA9E240D9BFE003C614C /* AppDelegate.swift */; };
		FC6ADAA1240D9BFE003C614C /* SceneDelegate.swift in Sources */ = {isa = PBXBuildFile; fileRef = FC6ADAA0240D9BFE003C614C /* SceneDelegate.swift */; };
		FC6ADAA8240D9C01003C614C /* Assets.xcassets in Resources */ = {isa = PBXBuildFile; fileRef = FC6ADAA7240D9C01003C614C /* Assets.xcassets */; };
		FC6ADAAB240D9C01003C614C /* LaunchScreen.storyboard in Resources */ = {isa = PBXBuildFile; fileRef = FC6ADAA9240D9C01003C614C /* LaunchScreen.storyboard */; };
		FCCB3298240DB2BC0093DDE3 /* MainNavigationController.swift in Sources */ = {isa = PBXBuildFile; fileRef = FCCB3297240DB2BC0093DDE3 /* MainNavigationController.swift */; };
		FCCB329D240DB30C0093DDE3 /* HomeScreenViewController.swift in Sources */ = {isa = PBXBuildFile; fileRef = FCCB329C240DB30C0093DDE3 /* HomeScreenViewController.swift */; };
		FCCB32A3240DBEDF0093DDE3 /* SectionImageView.swift in Sources */ = {isa = PBXBuildFile; fileRef = FCCB32A2240DBEDF0093DDE3 /* SectionImageView.swift */; };
		FCCB32A6240DC0200093DDE3 /* SectionTitleLabel.swift in Sources */ = {isa = PBXBuildFile; fileRef = FCCB32A5240DC0200093DDE3 /* SectionTitleLabel.swift */; };
		FCCB32AA240DC7620093DDE3 /* Section.swift in Sources */ = {isa = PBXBuildFile; fileRef = FCCB32A9240DC7620093DDE3 /* Section.swift */; };
		FCCB32AC240DC8EB0093DDE3 /* NetworkManager.swift in Sources */ = {isa = PBXBuildFile; fileRef = FCCB32AB240DC8EB0093DDE3 /* NetworkManager.swift */; };
		FCE8AFC0240F559400D51F6F /* SectionsTableViewCell.swift in Sources */ = {isa = PBXBuildFile; fileRef = FCE8AFBE240F559400D51F6F /* SectionsTableViewCell.swift */; };
		FCE8AFC1240F559400D51F6F /* SectionsTableViewCell.xib in Resources */ = {isa = PBXBuildFile; fileRef = FCE8AFBF240F559400D51F6F /* SectionsTableViewCell.xib */; };
		FCE8AFC5240F566200D51F6F /* NewsPreviewTableViewCell.swift in Sources */ = {isa = PBXBuildFile; fileRef = FCE8AFC3240F566200D51F6F /* NewsPreviewTableViewCell.swift */; };
		FCE8AFC6240F566200D51F6F /* NewsPreviewTableViewCell.xib in Resources */ = {isa = PBXBuildFile; fileRef = FCE8AFC4240F566200D51F6F /* NewsPreviewTableViewCell.xib */; };
/* End PBXBuildFile section */

/* Begin PBXFileReference section */
		FC0CBED5240F33140050E720 /* Main.storyboard */ = {isa = PBXFileReference; lastKnownFileType = file.storyboard; path = Main.storyboard; sourceTree = "<group>"; };
		FC3332432410115300922760 /* NewsPreviewViewController.swift */ = {isa = PBXFileReference; lastKnownFileType = sourcecode.swift; path = NewsPreviewViewController.swift; sourceTree = "<group>"; };
		FC6ADA9B240D9BFE003C614C /* NBCNews.app */ = {isa = PBXFileReference; explicitFileType = wrapper.application; includeInIndex = 0; path = NBCNews.app; sourceTree = BUILT_PRODUCTS_DIR; };
		FC6ADA9E240D9BFE003C614C /* AppDelegate.swift */ = {isa = PBXFileReference; lastKnownFileType = sourcecode.swift; path = AppDelegate.swift; sourceTree = "<group>"; };
		FC6ADAA0240D9BFE003C614C /* SceneDelegate.swift */ = {isa = PBXFileReference; lastKnownFileType = sourcecode.swift; path = SceneDelegate.swift; sourceTree = "<group>"; };
		FC6ADAA7240D9C01003C614C /* Assets.xcassets */ = {isa = PBXFileReference; lastKnownFileType = folder.assetcatalog; path = Assets.xcassets; sourceTree = "<group>"; };
		FC6ADAAA240D9C01003C614C /* Base */ = {isa = PBXFileReference; lastKnownFileType = file.storyboard; name = Base; path = Base.lproj/LaunchScreen.storyboard; sourceTree = "<group>"; };
		FC6ADAAC240D9C01003C614C /* Info.plist */ = {isa = PBXFileReference; lastKnownFileType = text.plist.xml; path = Info.plist; sourceTree = "<group>"; };
		FCCB3297240DB2BC0093DDE3 /* MainNavigationController.swift */ = {isa = PBXFileReference; lastKnownFileType = sourcecode.swift; path = MainNavigationController.swift; sourceTree = "<group>"; };
		FCCB329C240DB30C0093DDE3 /* HomeScreenViewController.swift */ = {isa = PBXFileReference; lastKnownFileType = sourcecode.swift; path = HomeScreenViewController.swift; sourceTree = "<group>"; };
		FCCB32A2240DBEDF0093DDE3 /* SectionImageView.swift */ = {isa = PBXFileReference; lastKnownFileType = sourcecode.swift; path = SectionImageView.swift; sourceTree = "<group>"; };
		FCCB32A5240DC0200093DDE3 /* SectionTitleLabel.swift */ = {isa = PBXFileReference; lastKnownFileType = sourcecode.swift; path = SectionTitleLabel.swift; sourceTree = "<group>"; };
		FCCB32A9240DC7620093DDE3 /* Section.swift */ = {isa = PBXFileReference; lastKnownFileType = sourcecode.swift; path = Section.swift; sourceTree = "<group>"; };
		FCCB32AB240DC8EB0093DDE3 /* NetworkManager.swift */ = {isa = PBXFileReference; lastKnownFileType = sourcecode.swift; path = NetworkManager.swift; sourceTree = "<group>"; };
		FCE8AFBE240F559400D51F6F /* SectionsTableViewCell.swift */ = {isa = PBXFileReference; lastKnownFileType = sourcecode.swift; path = SectionsTableViewCell.swift; sourceTree = "<group>"; };
		FCE8AFBF240F559400D51F6F /* SectionsTableViewCell.xib */ = {isa = PBXFileReference; lastKnownFileType = file.xib; path = SectionsTableViewCell.xib; sourceTree = "<group>"; };
		FCE8AFC3240F566200D51F6F /* NewsPreviewTableViewCell.swift */ = {isa = PBXFileReference; lastKnownFileType = sourcecode.swift; path = NewsPreviewTableViewCell.swift; sourceTree = "<group>"; };
		FCE8AFC4240F566200D51F6F /* NewsPreviewTableViewCell.xib */ = {isa = PBXFileReference; lastKnownFileType = file.xib; path = NewsPreviewTableViewCell.xib; sourceTree = "<group>"; };
/* End PBXFileReference section */

/* Begin PBXFrameworksBuildPhase section */
		FC6ADA98240D9BFE003C614C /* Frameworks */ = {
			isa = PBXFrameworksBuildPhase;
			buildActionMask = 2147483647;
			files = (
			);
			runOnlyForDeploymentPostprocessing = 0;
		};
/* End PBXFrameworksBuildPhase section */

/* Begin PBXGroup section */
		FC6ADA92240D9BFE003C614C = {
			isa = PBXGroup;
			children = (
				FC6ADA9D240D9BFE003C614C /* NBCNews */,
				FC6ADA9C240D9BFE003C614C /* Products */,
			);
			sourceTree = "<group>";
		};
		FC6ADA9C240D9BFE003C614C /* Products */ = {
			isa = PBXGroup;
			children = (
				FC6ADA9B240D9BFE003C614C /* NBCNews.app */,
			);
			name = Products;
			sourceTree = "<group>";
		};
		FC6ADA9D240D9BFE003C614C /* NBCNews */ = {
			isa = PBXGroup;
			children = (
				FCCB32A8240DC7230093DDE3 /* Models */,
				FCCB32A7240DC7190093DDE3 /* Controllers */,
				FCCB3296240DB2A10093DDE3 /* Views */,
				FCCB3295240DB21C0093DDE3 /* Resources */,
			);
			path = NBCNews;
			sourceTree = "<group>";
		};
		FCCB3295240DB21C0093DDE3 /* Resources */ = {
			isa = PBXGroup;
			children = (
				FC6ADA9E240D9BFE003C614C /* AppDelegate.swift */,
				FC6ADAA0240D9BFE003C614C /* SceneDelegate.swift */,
				FC6ADAA7240D9C01003C614C /* Assets.xcassets */,
				FC6ADAA9240D9C01003C614C /* LaunchScreen.storyboard */,
				FC6ADAAC240D9C01003C614C /* Info.plist */,
			);
			path = Resources;
			sourceTree = "<group>";
		};
		FCCB3296240DB2A10093DDE3 /* Views */ = {
			isa = PBXGroup;
			children = (
				FCCB32A4240DC0040093DDE3 /* Labels */,
				FCCB32A1240DBEC20093DDE3 /* Image Views */,
				FCCB3299240DB2CC0093DDE3 /* Navigation Controllers */,
				FCCB329E240DB6D30093DDE3 /* Table View Cells */,
				FCCB329A240DB2DE0093DDE3 /* View Controllers */,
				FCE8AFC2240F562900D51F6F /* Xibs */,
				FC0CBED5240F33140050E720 /* Main.storyboard */,
			);
			path = Views;
			sourceTree = "<group>";
		};
		FCCB3299240DB2CC0093DDE3 /* Navigation Controllers */ = {
			isa = PBXGroup;
			children = (
				FCCB3297240DB2BC0093DDE3 /* MainNavigationController.swift */,
			);
			path = "Navigation Controllers";
			sourceTree = "<group>";
		};
		FCCB329A240DB2DE0093DDE3 /* View Controllers */ = {
			isa = PBXGroup;
			children = (
				FCCB329C240DB30C0093DDE3 /* HomeScreenViewController.swift */,
				FC3332432410115300922760 /* NewsPreviewViewController.swift */,
			);
			path = "View Controllers";
			sourceTree = "<group>";
		};
		FCCB329E240DB6D30093DDE3 /* Table View Cells */ = {
			isa = PBXGroup;
			children = (
				FCE8AFBE240F559400D51F6F /* SectionsTableViewCell.swift */,
				FCE8AFC3240F566200D51F6F /* NewsPreviewTableViewCell.swift */,
			);
			path = "Table View Cells";
			sourceTree = "<group>";
		};
		FCCB32A1240DBEC20093DDE3 /* Image Views */ = {
			isa = PBXGroup;
			children = (
				FCCB32A2240DBEDF0093DDE3 /* SectionImageView.swift */,
			);
			path = "Image Views";
			sourceTree = "<group>";
		};
		FCCB32A4240DC0040093DDE3 /* Labels */ = {
			isa = PBXGroup;
			children = (
				FCCB32A5240DC0200093DDE3 /* SectionTitleLabel.swift */,
			);
			path = Labels;
			sourceTree = "<group>";
		};
		FCCB32A7240DC7190093DDE3 /* Controllers */ = {
			isa = PBXGroup;
			children = (
				FCCB32AB240DC8EB0093DDE3 /* NetworkManager.swift */,
			);
			path = Controllers;
			sourceTree = "<group>";
		};
		FCCB32A8240DC7230093DDE3 /* Models */ = {
			isa = PBXGroup;
			children = (
				FCCB32A9240DC7620093DDE3 /* Section.swift */,
			);
			path = Models;
			sourceTree = "<group>";
		};
		FCE8AFC2240F562900D51F6F /* Xibs */ = {
			isa = PBXGroup;
			children = (
				FCE8AFBF240F559400D51F6F /* SectionsTableViewCell.xib */,
				FCE8AFC4240F566200D51F6F /* NewsPreviewTableViewCell.xib */,
			);
			name = Xibs;
			sourceTree = "<group>";
		};
/* End PBXGroup section */

/* Begin PBXNativeTarget section */
		FC6ADA9A240D9BFE003C614C /* NBCNews */ = {
			isa = PBXNativeTarget;
			buildConfigurationList = FC6ADAAF240D9C01003C614C /* Build configuration list for PBXNativeTarget "NBCNews" */;
			buildPhases = (
				FC6ADA97240D9BFE003C614C /* Sources */,
				FC6ADA98240D9BFE003C614C /* Frameworks */,
				FC6ADA99240D9BFE003C614C /* Resources */,
			);
			buildRules = (
			);
			dependencies = (
			);
			name = NBCNews;
			productName = NBCNews;
			productReference = FC6ADA9B240D9BFE003C614C /* NBCNews.app */;
			productType = "com.apple.product-type.application";
		};
/* End PBXNativeTarget section */

/* Begin PBXProject section */
		FC6ADA93240D9BFE003C614C /* Project object */ = {
			isa = PBXProject;
			attributes = {
				LastSwiftUpdateCheck = 1130;
				LastUpgradeCheck = 1130;
				ORGANIZATIONNAME = "Kevin Tanner";
				TargetAttributes = {
					FC6ADA9A240D9BFE003C614C = {
						CreatedOnToolsVersion = 11.3.1;
					};
				};
			};
			buildConfigurationList = FC6ADA96240D9BFE003C614C /* Build configuration list for PBXProject "NBCNews" */;
			compatibilityVersion = "Xcode 9.3";
			developmentRegion = en;
			hasScannedForEncodings = 0;
			knownRegions = (
				en,
				Base,
			);
			mainGroup = FC6ADA92240D9BFE003C614C;
			productRefGroup = FC6ADA9C240D9BFE003C614C /* Products */;
			projectDirPath = "";
			projectRoot = "";
			targets = (
				FC6ADA9A240D9BFE003C614C /* NBCNews */,
			);
		};
/* End PBXProject section */

/* Begin PBXResourcesBuildPhase section */
		FC6ADA99240D9BFE003C614C /* Resources */ = {
			isa = PBXResourcesBuildPhase;
			buildActionMask = 2147483647;
			files = (
				FCE8AFC6240F566200D51F6F /* NewsPreviewTableViewCell.xib in Resources */,
				FC0CBED6240F33140050E720 /* Main.storyboard in Resources */,
				FCE8AFC1240F559400D51F6F /* SectionsTableViewCell.xib in Resources */,
				FC6ADAAB240D9C01003C614C /* LaunchScreen.storyboard in Resources */,
				FC6ADAA8240D9C01003C614C /* Assets.xcassets in Resources */,
			);
			runOnlyForDeploymentPostprocessing = 0;
		};
/* End PBXResourcesBuildPhase section */

/* Begin PBXSourcesBuildPhase section */
		FC6ADA97240D9BFE003C614C /* Sources */ = {
			isa = PBXSourcesBuildPhase;
			buildActionMask = 2147483647;
			files = (
				FCCB32AC240DC8EB0093DDE3 /* NetworkManager.swift in Sources */,
				FCCB32A6240DC0200093DDE3 /* SectionTitleLabel.swift in Sources */,
				FCCB3298240DB2BC0093DDE3 /* MainNavigationController.swift in Sources */,
				FCE8AFC0240F559400D51F6F /* SectionsTableViewCell.swift in Sources */,
				FCCB329D240DB30C0093DDE3 /* HomeScreenViewController.swift in Sources */,
				FCCB32A3240DBEDF0093DDE3 /* SectionImageView.swift in Sources */,
				FC6ADA9F240D9BFE003C614C /* AppDelegate.swift in Sources */,
				FCCB32AA240DC7620093DDE3 /* Section.swift in Sources */,
				FCE8AFC5240F566200D51F6F /* NewsPreviewTableViewCell.swift in Sources */,
				FC6ADAA1240D9BFE003C614C /* SceneDelegate.swift in Sources */,
				FC3332442410115300922760 /* NewsPreviewViewController.swift in Sources */,
			);
			runOnlyForDeploymentPostprocessing = 0;
		};
/* End PBXSourcesBuildPhase section */

/* Begin PBXVariantGroup section */
		FC6ADAA9240D9C01003C614C /* LaunchScreen.storyboard */ = {
			isa = PBXVariantGroup;
			children = (
				FC6ADAAA240D9C01003C614C /* Base */,
			);
			name = LaunchScreen.storyboard;
			sourceTree = "<group>";
		};
/* End PBXVariantGroup section */

/* Begin XCBuildConfiguration section */
		FC6ADAAD240D9C01003C614C /* Debug */ = {
			isa = XCBuildConfiguration;
			buildSettings = {
				ALWAYS_SEARCH_USER_PATHS = NO;
				CLANG_ANALYZER_NONNULL = YES;
				CLANG_ANALYZER_NUMBER_OBJECT_CONVERSION = YES_AGGRESSIVE;
				CLANG_CXX_LANGUAGE_STANDARD = "gnu++14";
				CLANG_CXX_LIBRARY = "libc++";
				CLANG_ENABLE_MODULES = YES;
				CLANG_ENABLE_OBJC_ARC = YES;
				CLANG_ENABLE_OBJC_WEAK = YES;
				CLANG_WARN_BLOCK_CAPTURE_AUTORELEASING = YES;
				CLANG_WARN_BOOL_CONVERSION = YES;
				CLANG_WARN_COMMA = YES;
				CLANG_WARN_CONSTANT_CONVERSION = YES;
				CLANG_WARN_DEPRECATED_OBJC_IMPLEMENTATIONS = YES;
				CLANG_WARN_DIRECT_OBJC_ISA_USAGE = YES_ERROR;
				CLANG_WARN_DOCUMENTATION_COMMENTS = YES;
				CLANG_WARN_EMPTY_BODY = YES;
				CLANG_WARN_ENUM_CONVERSION = YES;
				CLANG_WARN_INFINITE_RECURSION = YES;
				CLANG_WARN_INT_CONVERSION = YES;
				CLANG_WARN_NON_LITERAL_NULL_CONVERSION = YES;
				CLANG_WARN_OBJC_IMPLICIT_RETAIN_SELF = YES;
				CLANG_WARN_OBJC_LITERAL_CONVERSION = YES;
				CLANG_WARN_OBJC_ROOT_CLASS = YES_ERROR;
				CLANG_WARN_RANGE_LOOP_ANALYSIS = YES;
				CLANG_WARN_STRICT_PROTOTYPES = YES;
				CLANG_WARN_SUSPICIOUS_MOVE = YES;
				CLANG_WARN_UNGUARDED_AVAILABILITY = YES_AGGRESSIVE;
				CLANG_WARN_UNREACHABLE_CODE = YES;
				CLANG_WARN__DUPLICATE_METHOD_MATCH = YES;
				COPY_PHASE_STRIP = NO;
				DEBUG_INFORMATION_FORMAT = dwarf;
				ENABLE_STRICT_OBJC_MSGSEND = YES;
				ENABLE_TESTABILITY = YES;
				GCC_C_LANGUAGE_STANDARD = gnu11;
				GCC_DYNAMIC_NO_PIC = NO;
				GCC_NO_COMMON_BLOCKS = YES;
				GCC_OPTIMIZATION_LEVEL = 0;
				GCC_PREPROCESSOR_DEFINITIONS = (
					"DEBUG=1",
					"$(inherited)",
				);
				GCC_WARN_64_TO_32_BIT_CONVERSION = YES;
				GCC_WARN_ABOUT_RETURN_TYPE = YES_ERROR;
				GCC_WARN_UNDECLARED_SELECTOR = YES;
				GCC_WARN_UNINITIALIZED_AUTOS = YES_AGGRESSIVE;
				GCC_WARN_UNUSED_FUNCTION = YES;
				GCC_WARN_UNUSED_VARIABLE = YES;
				IPHONEOS_DEPLOYMENT_TARGET = 13.2;
				MTL_ENABLE_DEBUG_INFO = INCLUDE_SOURCE;
				MTL_FAST_MATH = YES;
				ONLY_ACTIVE_ARCH = YES;
				SDKROOT = iphoneos;
				SWIFT_ACTIVE_COMPILATION_CONDITIONS = DEBUG;
				SWIFT_OPTIMIZATION_LEVEL = "-Onone";
			};
			name = Debug;
		};
		FC6ADAAE240D9C01003C614C /* Release */ = {
			isa = XCBuildConfiguration;
			buildSettings = {
				ALWAYS_SEARCH_USER_PATHS = NO;
				CLANG_ANALYZER_NONNULL = YES;
				CLANG_ANALYZER_NUMBER_OBJECT_CONVERSION = YES_AGGRESSIVE;
				CLANG_CXX_LANGUAGE_STANDARD = "gnu++14";
				CLANG_CXX_LIBRARY = "libc++";
				CLANG_ENABLE_MODULES = YES;
				CLANG_ENABLE_OBJC_ARC = YES;
				CLANG_ENABLE_OBJC_WEAK = YES;
				CLANG_WARN_BLOCK_CAPTURE_AUTORELEASING = YES;
				CLANG_WARN_BOOL_CONVERSION = YES;
				CLANG_WARN_COMMA = YES;
				CLANG_WARN_CONSTANT_CONVERSION = YES;
				CLANG_WARN_DEPRECATED_OBJC_IMPLEMENTATIONS = YES;
				CLANG_WARN_DIRECT_OBJC_ISA_USAGE = YES_ERROR;
				CLANG_WARN_DOCUMENTATION_COMMENTS = YES;
				CLANG_WARN_EMPTY_BODY = YES;
				CLANG_WARN_ENUM_CONVERSION = YES;
				CLANG_WARN_INFINITE_RECURSION = YES;
				CLANG_WARN_INT_CONVERSION = YES;
				CLANG_WARN_NON_LITERAL_NULL_CONVERSION = YES;
				CLANG_WARN_OBJC_IMPLICIT_RETAIN_SELF = YES;
				CLANG_WARN_OBJC_LITERAL_CONVERSION = YES;
				CLANG_WARN_OBJC_ROOT_CLASS = YES_ERROR;
				CLANG_WARN_RANGE_LOOP_ANALYSIS = YES;
				CLANG_WARN_STRICT_PROTOTYPES = YES;
				CLANG_WARN_SUSPICIOUS_MOVE = YES;
				CLANG_WARN_UNGUARDED_AVAILABILITY = YES_AGGRESSIVE;
				CLANG_WARN_UNREACHABLE_CODE = YES;
				CLANG_WARN__DUPLICATE_METHOD_MATCH = YES;
				COPY_PHASE_STRIP = NO;
				DEBUG_INFORMATION_FORMAT = "dwarf-with-dsym";
				ENABLE_NS_ASSERTIONS = NO;
				ENABLE_STRICT_OBJC_MSGSEND = YES;
				GCC_C_LANGUAGE_STANDARD = gnu11;
				GCC_NO_COMMON_BLOCKS = YES;
				GCC_WARN_64_TO_32_BIT_CONVERSION = YES;
				GCC_WARN_ABOUT_RETURN_TYPE = YES_ERROR;
				GCC_WARN_UNDECLARED_SELECTOR = YES;
				GCC_WARN_UNINITIALIZED_AUTOS = YES_AGGRESSIVE;
				GCC_WARN_UNUSED_FUNCTION = YES;
				GCC_WARN_UNUSED_VARIABLE = YES;
				IPHONEOS_DEPLOYMENT_TARGET = 13.2;
				MTL_ENABLE_DEBUG_INFO = NO;
				MTL_FAST_MATH = YES;
				SDKROOT = iphoneos;
				SWIFT_COMPILATION_MODE = wholemodule;
				SWIFT_OPTIMIZATION_LEVEL = "-O";
				VALIDATE_PRODUCT = YES;
			};
			name = Release;
		};
		FC6ADAB0240D9C01003C614C /* Debug */ = {
			isa = XCBuildConfiguration;
			buildSettings = {
				ASSETCATALOG_COMPILER_APPICON_NAME = AppIcon;
				CODE_SIGN_STYLE = Automatic;
				DEVELOPMENT_TEAM = C39EPG5VUE;
				INFOPLIST_FILE = "$(SRCROOT)/NBCNews/Resources/Info.plist";
				LD_RUNPATH_SEARCH_PATHS = (
					"$(inherited)",
					"@executable_path/Frameworks",
				);
				PRODUCT_BUNDLE_IDENTIFIER = com.kevintanner.NBCNews;
				PRODUCT_NAME = "$(TARGET_NAME)";
				SWIFT_VERSION = 5.0;
				TARGETED_DEVICE_FAMILY = 1;
			};
			name = Debug;
		};
		FC6ADAB1240D9C01003C614C /* Release */ = {
			isa = XCBuildConfiguration;
			buildSettings = {
				ASSETCATALOG_COMPILER_APPICON_NAME = AppIcon;
				CODE_SIGN_STYLE = Automatic;
				DEVELOPMENT_TEAM = C39EPG5VUE;
				INFOPLIST_FILE = "$(SRCROOT)/NBCNews/Resources/Info.plist";
				LD_RUNPATH_SEARCH_PATHS = (
					"$(inherited)",
					"@executable_path/Frameworks",
				);
				PRODUCT_BUNDLE_IDENTIFIER = com.kevintanner.NBCNews;
				PRODUCT_NAME = "$(TARGET_NAME)";
				SWIFT_VERSION = 5.0;
				TARGETED_DEVICE_FAMILY = 1;
			};
			name = Release;
		};
/* End XCBuildConfiguration section */

/* Begin XCConfigurationList section */
		FC6ADA96240D9BFE003C614C /* Build configuration list for PBXProject "NBCNews" */ = {
			isa = XCConfigurationList;
			buildConfigurations = (
				FC6ADAAD240D9C01003C614C /* Debug */,
				FC6ADAAE240D9C01003C614C /* Release */,
			);
			defaultConfigurationIsVisible = 0;
			defaultConfigurationName = Release;
		};
		FC6ADAAF240D9C01003C614C /* Build configuration list for PBXNativeTarget "NBCNews" */ = {
			isa = XCConfigurationList;
			buildConfigurations = (
				FC6ADAB0240D9C01003C614C /* Debug */,
				FC6ADAB1240D9C01003C614C /* Release */,
			);
			defaultConfigurationIsVisible = 0;
			defaultConfigurationName = Release;
		};
/* End XCConfigurationList section */
	};
	rootObject = FC6ADA93240D9BFE003C614C /* Project object */;
}
